
Microsoft Visual Studio Solution File, Format Version 12.00
# Visual Studio 15
VisualStudioVersion = 15.0.28307.705
MinimumVisualStudioVersion = 10.0.40219.1
Project("{FAE04EC0-301F-11D3-BF4B-00C04F79EFBC}") = "EntityFrameWorkOneToOneToManyExample", "EntityFrameWorkOneToOneToManyExample\EntityFrameWorkOneToOneToManyExample.csproj", "{E82B47EA-6023-4CC8-B459-02E69D47A9CD}"
EndProject
Global
	GlobalSection(SolutionConfigurationPlatforms) = preSolution
		Debug|Any CPU = Debug|Any CPU
		Release|Any CPU = Release|Any CPU
	EndGlobalSection
	GlobalSection(ProjectConfigurationPlatforms) = postSolution
		{E82B47EA-6023-4CC8-B459-02E69D47A9CD}.Debug|Any CPU.ActiveCfg = Debug|Any CPU
		{E82B47EA-6023-4CC8-B459-02E69D47A9CD}.Debug|Any CPU.Build.0 = Debug|Any CPU
		{E82B47EA-6023-4CC8-B459-02E69D47A9CD}.Release|Any CPU.ActiveCfg = Release|Any CPU
		{E82B47EA-6023-4CC8-B459-02E69D47A9CD}.Release|Any CPU.Build.0 = Release|Any CPU
	EndGlobalSection
	GlobalSection(SolutionProperties) = preSolution
		HideSolutionNode = FALSE
	EndGlobalSection
	GlobalSection(ExtensibilityGlobals) = postSolution
		SolutionGuid = {DEF33A7A-0BD1-4DD4-9536-742EDA7D29D6}
	EndGlobalSection
EndGlobal
